
Microsoft Visual Studio Solution File, Format Version 12.00
# Visual Studio Version 17
VisualStudioVersion = 17.14.37314.3 d17.14
MinimumVisualStudioVersion = 10.0.40219.1
Project("{FAE04EC0-301F-11D3-BF4B-00C04F79EFBC}") = "ForeachLimitationDemo", "ForeachLimitationDemo.csproj", "{FC89B7DE-703D-4757-A49B-1E5350B46BEF}"
EndProject
Global
	GlobalSection(SolutionConfigurationPlatforms) = preSolution
		Debug|Any CPU = Debug|Any CPU
		Release|Any CPU = Release|Any CPU
	EndGlobalSection
	GlobalSection(ProjectConfigurationPlatforms) = postSolution
		{FC89B7DE-703D-4757-A49B-1E5350B46BEF}.Debug|Any CPU.ActiveCfg = Debug|Any CPU
		{FC89B7DE-703D-4757-A49B-1E5350B46BEF}.Debug|Any CPU.Build.0 = Debug|Any CPU
		{FC89B7DE-703D-4757-A49B-1E5350B46BEF}.Release|Any CPU.ActiveCfg = Release|Any CPU
		{FC89B7DE-703D-4757-A49B-1E5350B46BEF}.Release|Any CPU.Build.0 = Release|Any CPU
	EndGlobalSection
	GlobalSection(SolutionProperties) = preSolution
		HideSolutionNode = FALSE
	EndGlobalSection
	GlobalSection(ExtensibilityGlobals) = postSolution
		SolutionGuid = {83CC5CDF-C008-4211-9CA1-CBE7A1EFB5AF}
	EndGlobalSection
EndGlobal
