
Microsoft Visual Studio Solution File, Format Version 12.00
# Visual Studio Version 17
VisualStudioVersion = 17.14.37314.3 d17.14
MinimumVisualStudioVersion = 10.0.40219.1
Project("{FAE04EC0-301F-11D3-BF4B-00C04F79EFBC}") = "FixedArrayAddDemo", "FixedArrayAddDemo.csproj", "{CA9B3C1F-23D3-4E7B-A6EA-F9A010E7B7DD}"
EndProject
Global
	GlobalSection(SolutionConfigurationPlatforms) = preSolution
		Debug|Any CPU = Debug|Any CPU
		Release|Any CPU = Release|Any CPU
	EndGlobalSection
	GlobalSection(ProjectConfigurationPlatforms) = postSolution
		{CA9B3C1F-23D3-4E7B-A6EA-F9A010E7B7DD}.Debug|Any CPU.ActiveCfg = Debug|Any CPU
		{CA9B3C1F-23D3-4E7B-A6EA-F9A010E7B7DD}.Debug|Any CPU.Build.0 = Debug|Any CPU
		{CA9B3C1F-23D3-4E7B-A6EA-F9A010E7B7DD}.Release|Any CPU.ActiveCfg = Release|Any CPU
		{CA9B3C1F-23D3-4E7B-A6EA-F9A010E7B7DD}.Release|Any CPU.Build.0 = Release|Any CPU
	EndGlobalSection
	GlobalSection(SolutionProperties) = preSolution
		HideSolutionNode = FALSE
	EndGlobalSection
	GlobalSection(ExtensibilityGlobals) = postSolution
		SolutionGuid = {42288FCF-6682-400B-986A-40BA0AC9EA6C}
	EndGlobalSection
EndGlobal
