
Microsoft Visual Studio Solution File, Format Version 12.00
# Visual Studio Version 17
VisualStudioVersion = 17.14.37314.3 d17.14
MinimumVisualStudioVersion = 10.0.40219.1
Project("{FAE04EC0-301F-11D3-BF4B-00C04F79EFBC}") = "CareBridge.PerformanceLab", "CareBridge.PerformanceLab.csproj", "{FEF12595-08DB-43D9-9B9A-FBA4CDACAF14}"
EndProject
Global
	GlobalSection(SolutionConfigurationPlatforms) = preSolution
		Debug|Any CPU = Debug|Any CPU
		Release|Any CPU = Release|Any CPU
	EndGlobalSection
	GlobalSection(ProjectConfigurationPlatforms) = postSolution
		{FEF12595-08DB-43D9-9B9A-FBA4CDACAF14}.Debug|Any CPU.ActiveCfg = Debug|Any CPU
		{FEF12595-08DB-43D9-9B9A-FBA4CDACAF14}.Debug|Any CPU.Build.0 = Debug|Any CPU
		{FEF12595-08DB-43D9-9B9A-FBA4CDACAF14}.Release|Any CPU.ActiveCfg = Release|Any CPU
		{FEF12595-08DB-43D9-9B9A-FBA4CDACAF14}.Release|Any CPU.Build.0 = Release|Any CPU
	EndGlobalSection
	GlobalSection(SolutionProperties) = preSolution
		HideSolutionNode = FALSE
	EndGlobalSection
	GlobalSection(ExtensibilityGlobals) = postSolution
		SolutionGuid = {552ED239-382D-4E84-9050-9124A8695D5A}
	EndGlobalSection
EndGlobal
